
Microsoft Visual Studio Solution File, Format Version 12.00
# Visual Studio 15
VisualStudioVersion = 15.0.27703.2026
MinimumVisualStudioVersion = 10.0.40219.1
Project("{2150E333-8FDC-42A3-9474-1A3956D46DE8}") = "src", "src", "{0D7AEFA3-ABB0-4AF1-A4C1-F8E05C241753}"
EndProject
Project("{9A19103F-16F7-4668-BE54-9A1E7A4F7556}") = "ExtCore.Infrastructure", "src\ExtCore.Infrastructure\ExtCore.Infrastructure.csproj", "{1A7B4E8E-9D6D-4DD2-862D-92A6BDDBC2C8}"
EndProject
Project("{9A19103F-16F7-4668-BE54-9A1E7A4F7556}") = "ExtCore.WebApplication", "src\ExtCore.WebApplication\ExtCore.WebApplication.csproj", "{0F8F961C-2A13-47A2-9EFE-245FBA7A1C89}"
EndProject
Project("{9A19103F-16F7-4668-BE54-9A1E7A4F7556}") = "ExtCore.Mvc", "src\ExtCore.Mvc\ExtCore.Mvc.csproj", "{E68DD4A8-1B91-4444-BD2F-4FDDBC69DEF1}"
EndProject
Project("{9A19103F-16F7-4668-BE54-9A1E7A4F7556}") = "ExtCore.Mvc.Infrastructure", "src\ExtCore.Mvc.Infrastructure\ExtCore.Mvc.Infrastructure.csproj", "{64AAD007-11ED-4C0C-93D1-FBE2BEA81493}"
EndProject
Project("{9A19103F-16F7-4668-BE54-9A1E7A4F7556}") = "ExtCore.Data", "src\ExtCore.Data\ExtCore.Data.csproj", "{BD3ADB01-9621-4A50-9D0E-8D4CC88A79D8}"
EndProject
Project("{9A19103F-16F7-4668-BE54-9A1E7A4F7556}") = "ExtCore.Data.Abstractions", "src\ExtCore.Data.Abstractions\ExtCore.Data.Abstractions.csproj", "{08204286-5843-46F5-B704-8F1183F7686E}"
EndProject
Project("{9A19103F-16F7-4668-BE54-9A1E7A4F7556}") = "ExtCore.Data.EntityFramework.PostgreSql", "src\ExtCore.Data.EntityFramework.PostgreSql\ExtCore.Data.EntityFramework.PostgreSql.csproj", "{A5B17E64-9C8B-40EB-A4FD-637BB1E1BD05}"
EndProject
Project("{9A19103F-16F7-4668-BE54-9A1E7A4F7556}") = "ExtCore.Data.EntityFramework.Sqlite", "src\ExtCore.Data.EntityFramework.Sqlite\ExtCore.Data.EntityFramework.Sqlite.csproj", "{0C0A69C5-1036-4925-8063-C8E7F6999287}"
EndProject
Project("{9A19103F-16F7-4668-BE54-9A1E7A4F7556}") = "ExtCore.Data.EntityFramework.SqlServer", "src\ExtCore.Data.EntityFramework.SqlServer\ExtCore.Data.EntityFramework.SqlServer.csproj", "{4B05A3AC-DCDF-454F-A105-C8DFDBFA5EE1}"
EndProject
Project("{2150E333-8FDC-42A3-9474-1A3956D46DE8}") = "Mvc", "Mvc", "{7EB40884-B578-412E-951F-356BC69088C2}"
EndProject
Project("{2150E333-8FDC-42A3-9474-1A3956D46DE8}") = "Data", "Data", "{DD95EC14-4783-4E08-A5EC-6C110DC7FB01}"
EndProject
Project("{2150E333-8FDC-42A3-9474-1A3956D46DE8}") = "Events", "Events", "{B0915CA5-EB7A-428E-8A6E-344CB8CE5368}"
EndProject
Project("{9A19103F-16F7-4668-BE54-9A1E7A4F7556}") = "ExtCore.Events", "src\ExtCore.Events\ExtCore.Events.csproj", "{3E5C83A3-2C66-4503-A3F8-542854D3D2EF}"
EndProject
Project("{9A19103F-16F7-4668-BE54-9A1E7A4F7556}") = "ExtCore.Data.EntityFramework", "src\ExtCore.Data.EntityFramework\ExtCore.Data.EntityFramework.csproj", "{77F8B77C-440C-48D9-80FA-192FF49283C8}"
EndProject
Project("{9A19103F-16F7-4668-BE54-9A1E7A4F7556}") = "ExtCore.Data.Entities.Abstractions", "src\ExtCore.Data.Entities.Abstractions\ExtCore.Data.Entities.Abstractions.csproj", "{A97967FC-B333-4C27-BAFE-4369C7695688}"
EndProject
Project("{2150E333-8FDC-42A3-9474-1A3956D46DE8}") = "Data.EntityFramework", "Data.EntityFramework", "{A770A286-2B75-4BF7-8300-24CEC8D072AD}"
EndProject
Project("{9A19103F-16F7-4668-BE54-9A1E7A4F7556}") = "ExtCore.Data.EntityFramework.MySql", "src\ExtCore.Data.EntityFramework.MySql\ExtCore.Data.EntityFramework.MySql.csproj", "{79A8C5FE-94FA-4D60-86C7-016EBF0386B4}"
EndProject
Project("{9A19103F-16F7-4668-BE54-9A1E7A4F7556}") = "ExtCore.Data.Dapper", "src\ExtCore.Data.Dapper\ExtCore.Data.Dapper.csproj", "{976AD81D-4F7D-4A0C-9A2F-F665566EA5A9}"
EndProject
Project("{9A19103F-16F7-4668-BE54-9A1E7A4F7556}") = "ExtCore.Data.Dapper.MySql", "src\ExtCore.Data.Dapper.MySql\ExtCore.Data.Dapper.MySql.csproj", "{F27A3AE9-718C-4539-B541-4F37D16E4463}"
EndProject
Project("{9A19103F-16F7-4668-BE54-9A1E7A4F7556}") = "ExtCore.Data.Dapper.PostgreSql", "src\ExtCore.Data.Dapper.PostgreSql\ExtCore.Data.Dapper.PostgreSql.csproj", "{7B7A5A6C-DB45-4056-B5C7-4286D16220DE}"
EndProject
Project("{9A19103F-16F7-4668-BE54-9A1E7A4F7556}") = "ExtCore.Data.Dapper.SqlServer", "src\ExtCore.Data.Dapper.SqlServer\ExtCore.Data.Dapper.SqlServer.csproj", "{E588921B-5E74-45E8-841B-2654D2416D9F}"
EndProject
Project("{9A19103F-16F7-4668-BE54-9A1E7A4F7556}") = "ExtCore.Data.Dapper.Sqlite", "src\ExtCore.Data.Dapper.Sqlite\ExtCore.Data.Dapper.Sqlite.csproj", "{693AB050-3305-471C-90C3-816BD694A930}"
EndProject
Project("{2150E333-8FDC-42A3-9474-1A3956D46DE8}") = "Data.Dapper", "Data.Dapper", "{8C720480-750C-44C1-945B-961599088853}"
EndProject
Project("{2150E333-8FDC-42A3-9474-1A3956D46DE8}") = "FileStorage", "FileStorage", "{2093A913-AB5F-4597-839E-A472E25D37D8}"
EndProject
Project("{9A19103F-16F7-4668-BE54-9A1E7A4F7556}") = "ExtCore.FileStorage", "src\ExtCore.FileStorage\ExtCore.FileStorage.csproj", "{AD4DB805-D932-4C5F-9559-B4704340F8CA}"
EndProject
Project("{9A19103F-16F7-4668-BE54-9A1E7A4F7556}") = "ExtCore.FileStorage.Abstractions", "src\ExtCore.FileStorage.Abstractions\ExtCore.FileStorage.Abstractions.csproj", "{EED241F9-4900-4FB0-91FD-432A5F40983D}"
EndProject
Project("{9A19103F-16F7-4668-BE54-9A1E7A4F7556}") = "ExtCore.FileStorage.Dropbox", "src\ExtCore.FileStorage.Dropbox\ExtCore.FileStorage.Dropbox.csproj", "{D9FA3F92-D638-434D-9C0C-E74A6BCFDE7A}"
EndProject
Project("{9A19103F-16F7-4668-BE54-9A1E7A4F7556}") = "ExtCore.FileStorage.FileSystem", "src\ExtCore.FileStorage.FileSystem\ExtCore.FileStorage.FileSystem.csproj", "{2031A605-DB91-4998-94DB-8012C590152B}"
EndProject
Global
	GlobalSection(SolutionConfigurationPlatforms) = preSolution
		Debug|Any CPU = Debug|Any CPU
		Release|Any CPU = Release|Any CPU
	EndGlobalSection
	GlobalSection(ProjectConfigurationPlatforms) = postSolution
		{1A7B4E8E-9D6D-4DD2-862D-92A6BDDBC2C8}.Debug|Any CPU.ActiveCfg = Debug|Any CPU
		{1A7B4E8E-9D6D-4DD2-862D-92A6BDDBC2C8}.Debug|Any CPU.Build.0 = Debug|Any CPU
		{1A7B4E8E-9D6D-4DD2-862D-92A6BDDBC2C8}.Release|Any CPU.ActiveCfg = Release|Any CPU
		{1A7B4E8E-9D6D-4DD2-862D-92A6BDDBC2C8}.Release|Any CPU.Build.0 = Release|Any CPU
		{0F8F961C-2A13-47A2-9EFE-245FBA7A1C89}.Debug|Any CPU.ActiveCfg = Debug|Any CPU
		{0F8F961C-2A13-47A2-9EFE-245FBA7A1C89}.Debug|Any CPU.Build.0 = Debug|Any CPU
		{0F8F961C-2A13-47A2-9EFE-245FBA7A1C89}.Release|Any CPU.ActiveCfg = Release|Any CPU
		{0F8F961C-2A13-47A2-9EFE-245FBA7A1C89}.Release|Any CPU.Build.0 = Release|Any CPU
		{E68DD4A8-1B91-4444-BD2F-4FDDBC69DEF1}.Debug|Any CPU.ActiveCfg = Debug|Any CPU
		{E68DD4A8-1B91-4444-BD2F-4FDDBC69DEF1}.Debug|Any CPU.Build.0 = Debug|Any CPU
		{E68DD4A8-1B91-4444-BD2F-4FDDBC69DEF1}.Release|Any CPU.ActiveCfg = Release|Any CPU
		{E68DD4A8-1B91-4444-BD2F-4FDDBC69DEF1}.Release|Any CPU.Build.0 = Release|Any CPU
		{64AAD007-11ED-4C0C-93D1-FBE2BEA81493}.Debug|Any CPU.ActiveCfg = Debug|Any CPU
		{64AAD007-11ED-4C0C-93D1-FBE2BEA81493}.Debug|Any CPU.Build.0 = Debug|Any CPU
		{64AAD007-11ED-4C0C-93D1-FBE2BEA81493}.Release|Any CPU.ActiveCfg = Release|Any CPU
		{64AAD007-11ED-4C0C-93D1-FBE2BEA81493}.Release|Any CPU.Build.0 = Release|Any CPU
		{BD3ADB01-9621-4A50-9D0E-8D4CC88A79D8}.Debug|Any CPU.ActiveCfg = Debug|Any CPU
		{BD3ADB01-9621-4A50-9D0E-8D4CC88A79D8}.Debug|Any CPU.Build.0 = Debug|Any CPU
		{BD3ADB01-9621-4A50-9D0E-8D4CC88A79D8}.Release|Any CPU.ActiveCfg = Release|Any CPU
		{BD3ADB01-9621-4A50-9D0E-8D4CC88A79D8}.Release|Any CPU.Build.0 = Release|Any CPU
		{08204286-5843-46F5-B704-8F1183F7686E}.Debug|Any CPU.ActiveCfg = Debug|Any CPU
		{08204286-5843-46F5-B704-8F1183F7686E}.Debug|Any CPU.Build.0 = Debug|Any CPU
		{08204286-5843-46F5-B704-8F1183F7686E}.Release|Any CPU.ActiveCfg = Release|Any CPU
		{08204286-5843-46F5-B704-8F1183F7686E}.Release|Any CPU.Build.0 = Release|Any CPU
		{A5B17E64-9C8B-40EB-A4FD-637BB1E1BD05}.Debug|Any CPU.ActiveCfg = Debug|Any CPU
		{A5B17E64-9C8B-40EB-A4FD-637BB1E1BD05}.Debug|Any CPU.Build.0 = Debug|Any CPU
		{A5B17E64-9C8B-40EB-A4FD-637BB1E1BD05}.Release|Any CPU.ActiveCfg = Release|Any CPU
		{A5B17E64-9C8B-40EB-A4FD-637BB1E1BD05}.Release|Any CPU.Build.0 = Release|Any CPU
		{0C0A69C5-1036-4925-8063-C8E7F6999287}.Debug|Any CPU.ActiveCfg = Debug|Any CPU
		{0C0A69C5-1036-4925-8063-C8E7F6999287}.Debug|Any CPU.Build.0 = Debug|Any CPU
		{0C0A69C5-1036-4925-8063-C8E7F6999287}.Release|Any CPU.ActiveCfg = Release|Any CPU
		{0C0A69C5-1036-4925-8063-C8E7F6999287}.Release|Any CPU.Build.0 = Release|Any CPU
		{4B05A3AC-DCDF-454F-A105-C8DFDBFA5EE1}.Debug|Any CPU.ActiveCfg = Debug|Any CPU
		{4B05A3AC-DCDF-454F-A105-C8DFDBFA5EE1}.Debug|Any CPU.Build.0 = Debug|Any CPU
		{4B05A3AC-DCDF-454F-A105-C8DFDBFA5EE1}.Release|Any CPU.ActiveCfg = Release|Any CPU
		{4B05A3AC-DCDF-454F-A105-C8DFDBFA5EE1}.Release|Any CPU.Build.0 = Release|Any CPU
		{3E5C83A3-2C66-4503-A3F8-542854D3D2EF}.Debug|Any CPU.ActiveCfg = Debug|Any CPU
		{3E5C83A3-2C66-4503-A3F8-542854D3D2EF}.Debug|Any CPU.Build.0 = Debug|Any CPU
		{3E5C83A3-2C66-4503-A3F8-542854D3D2EF}.Release|Any CPU.ActiveCfg = Release|Any CPU
		{3E5C83A3-2C66-4503-A3F8-542854D3D2EF}.Release|Any CPU.Build.0 = Release|Any CPU
		{77F8B77C-440C-48D9-80FA-192FF49283C8}.Debug|Any CPU.ActiveCfg = Debug|Any CPU
		{77F8B77C-440C-48D9-80FA-192FF49283C8}.Debug|Any CPU.Build.0 = Debug|Any CPU
		{77F8B77C-440C-48D9-80FA-192FF49283C8}.Release|Any CPU.ActiveCfg = Release|Any CPU
		{77F8B77C-440C-48D9-80FA-192FF49283C8}.Release|Any CPU.Build.0 = Release|Any CPU
		{A97967FC-B333-4C27-BAFE-4369C7695688}.Debug|Any CPU.ActiveCfg = Debug|Any CPU
		{A97967FC-B333-4C27-BAFE-4369C7695688}.Debug|Any CPU.Build.0 = Debug|Any CPU
		{A97967FC-B333-4C27-BAFE-4369C7695688}.Release|Any CPU.ActiveCfg = Release|Any CPU
		{A97967FC-B333-4C27-BAFE-4369C7695688}.Release|Any CPU.Build.0 = Release|Any CPU
		{79A8C5FE-94FA-4D60-86C7-016EBF0386B4}.Debug|Any CPU.ActiveCfg = Debug|Any CPU
		{79A8C5FE-94FA-4D60-86C7-016EBF0386B4}.Debug|Any CPU.Build.0 = Debug|Any CPU
		{79A8C5FE-94FA-4D60-86C7-016EBF0386B4}.Release|Any CPU.ActiveCfg = Release|Any CPU
		{79A8C5FE-94FA-4D60-86C7-016EBF0386B4}.Release|Any CPU.Build.0 = Release|Any CPU
		{976AD81D-4F7D-4A0C-9A2F-F665566EA5A9}.Debug|Any CPU.ActiveCfg = Debug|Any CPU
		{976AD81D-4F7D-4A0C-9A2F-F665566EA5A9}.Debug|Any CPU.Build.0 = Debug|Any CPU
		{976AD81D-4F7D-4A0C-9A2F-F665566EA5A9}.Release|Any CPU.ActiveCfg = Release|Any CPU
		{976AD81D-4F7D-4A0C-9A2F-F665566EA5A9}.Release|Any CPU.Build.0 = Release|Any CPU
		{F27A3AE9-718C-4539-B541-4F37D16E4463}.Debug|Any CPU.ActiveCfg = Debug|Any CPU
		{F27A3AE9-718C-4539-B541-4F37D16E4463}.Debug|Any CPU.Build.0 = Debug|Any CPU
		{F27A3AE9-718C-4539-B541-4F37D16E4463}.Release|Any CPU.ActiveCfg = Release|Any CPU
		{F27A3AE9-718C-4539-B541-4F37D16E4463}.Release|Any CPU.Build.0 = Release|Any CPU
		{7B7A5A6C-DB45-4056-B5C7-4286D16220DE}.Debug|Any CPU.ActiveCfg = Debug|Any CPU
		{7B7A5A6C-DB45-4056-B5C7-4286D16220DE}.Debug|Any CPU.Build.0 = Debug|Any CPU
		{7B7A5A6C-DB45-4056-B5C7-4286D16220DE}.Release|Any CPU.ActiveCfg = Release|Any CPU
		{7B7A5A6C-DB45-4056-B5C7-4286D16220DE}.Release|Any CPU.Build.0 = Release|Any CPU
		{E588921B-5E74-45E8-841B-2654D2416D9F}.Debug|Any CPU.ActiveCfg = Debug|Any CPU
		{E588921B-5E74-45E8-841B-2654D2416D9F}.Debug|Any CPU.Build.0 = Debug|Any CPU
		{E588921B-5E74-45E8-841B-2654D2416D9F}.Release|Any CPU.ActiveCfg = Release|Any CPU
		{E588921B-5E74-45E8-841B-2654D2416D9F}.Release|Any CPU.Build.0 = Release|Any CPU
		{693AB050-3305-471C-90C3-816BD694A930}.Debug|Any CPU.ActiveCfg = Debug|Any CPU
		{693AB050-3305-471C-90C3-816BD694A930}.Debug|Any CPU.Build.0 = Debug|Any CPU
		{693AB050-3305-471C-90C3-816BD694A930}.Release|Any CPU.ActiveCfg = Release|Any CPU
		{693AB050-3305-471C-90C3-816BD694A930}.Release|Any CPU.Build.0 = Release|Any CPU
		{AD4DB805-D932-4C5F-9559-B4704340F8CA}.Debug|Any CPU.ActiveCfg = Debug|Any CPU
		{AD4DB805-D932-4C5F-9559-B4704340F8CA}.Debug|Any CPU.Build.0 = Debug|Any CPU
		{AD4DB805-D932-4C5F-9559-B4704340F8CA}.Release|Any CPU.ActiveCfg = Release|Any CPU
		{AD4DB805-D932-4C5F-9559-B4704340F8CA}.Release|Any CPU.Build.0 = Release|Any CPU
		{EED241F9-4900-4FB0-91FD-432A5F40983D}.Debug|Any CPU.ActiveCfg = Debug|Any CPU
		{EED241F9-4900-4FB0-91FD-432A5F40983D}.Debug|Any CPU.Build.0 = Debug|Any CPU
		{EED241F9-4900-4FB0-91FD-432A5F40983D}.Release|Any CPU.ActiveCfg = Release|Any CPU
		{EED241F9-4900-4FB0-91FD-432A5F40983D}.Release|Any CPU.Build.0 = Release|Any CPU
		{D9FA3F92-D638-434D-9C0C-E74A6BCFDE7A}.Debug|Any CPU.ActiveCfg = Debug|Any CPU
		{D9FA3F92-D638-434D-9C0C-E74A6BCFDE7A}.Debug|Any CPU.Build.0 = Debug|Any CPU
		{D9FA3F92-D638-434D-9C0C-E74A6BCFDE7A}.Release|Any CPU.ActiveCfg = Release|Any CPU
		{D9FA3F92-D638-434D-9C0C-E74A6BCFDE7A}.Release|Any CPU.Build.0 = Release|Any CPU
		{2031A605-DB91-4998-94DB-8012C590152B}.Debug|Any CPU.ActiveCfg = Debug|Any CPU
		{2031A605-DB91-4998-94DB-8012C590152B}.Debug|Any CPU.Build.0 = Debug|Any CPU
		{2031A605-DB91-4998-94DB-8012C590152B}.Release|Any CPU.ActiveCfg = Release|Any CPU
		{2031A605-DB91-4998-94DB-8012C590152B}.Release|Any CPU.Build.0 = Release|Any CPU
	EndGlobalSection
	GlobalSection(SolutionProperties) = preSolution
		HideSolutionNode = FALSE
	EndGlobalSection
	GlobalSection(NestedProjects) = preSolution
		{1A7B4E8E-9D6D-4DD2-862D-92A6BDDBC2C8} = {0D7AEFA3-ABB0-4AF1-A4C1-F8E05C241753}
		{0F8F961C-2A13-47A2-9EFE-245FBA7A1C89} = {0D7AEFA3-ABB0-4AF1-A4C1-F8E05C241753}
		{E68DD4A8-1B91-4444-BD2F-4FDDBC69DEF1} = {7EB40884-B578-412E-951F-356BC69088C2}
		{64AAD007-11ED-4C0C-93D1-FBE2BEA81493} = {7EB40884-B578-412E-951F-356BC69088C2}
		{BD3ADB01-9621-4A50-9D0E-8D4CC88A79D8} = {DD95EC14-4783-4E08-A5EC-6C110DC7FB01}
		{08204286-5843-46F5-B704-8F1183F7686E} = {DD95EC14-4783-4E08-A5EC-6C110DC7FB01}
		{A5B17E64-9C8B-40EB-A4FD-637BB1E1BD05} = {A770A286-2B75-4BF7-8300-24CEC8D072AD}
		{0C0A69C5-1036-4925-8063-C8E7F6999287} = {A770A286-2B75-4BF7-8300-24CEC8D072AD}
		{4B05A3AC-DCDF-454F-A105-C8DFDBFA5EE1} = {A770A286-2B75-4BF7-8300-24CEC8D072AD}
		{7EB40884-B578-412E-951F-356BC69088C2} = {0D7AEFA3-ABB0-4AF1-A4C1-F8E05C241753}
		{DD95EC14-4783-4E08-A5EC-6C110DC7FB01} = {0D7AEFA3-ABB0-4AF1-A4C1-F8E05C241753}
		{B0915CA5-EB7A-428E-8A6E-344CB8CE5368} = {0D7AEFA3-ABB0-4AF1-A4C1-F8E05C241753}
		{3E5C83A3-2C66-4503-A3F8-542854D3D2EF} = {B0915CA5-EB7A-428E-8A6E-344CB8CE5368}
		{77F8B77C-440C-48D9-80FA-192FF49283C8} = {A770A286-2B75-4BF7-8300-24CEC8D072AD}
		{A97967FC-B333-4C27-BAFE-4369C7695688} = {DD95EC14-4783-4E08-A5EC-6C110DC7FB01}
		{A770A286-2B75-4BF7-8300-24CEC8D072AD} = {0D7AEFA3-ABB0-4AF1-A4C1-F8E05C241753}
		{79A8C5FE-94FA-4D60-86C7-016EBF0386B4} = {A770A286-2B75-4BF7-8300-24CEC8D072AD}
		{976AD81D-4F7D-4A0C-9A2F-F665566EA5A9} = {8C720480-750C-44C1-945B-961599088853}
		{F27A3AE9-718C-4539-B541-4F37D16E4463} = {8C720480-750C-44C1-945B-961599088853}
		{7B7A5A6C-DB45-4056-B5C7-4286D16220DE} = {8C720480-750C-44C1-945B-961599088853}
		{E588921B-5E74-45E8-841B-2654D2416D9F} = {8C720480-750C-44C1-945B-961599088853}
		{693AB050-3305-471C-90C3-816BD694A930} = {8C720480-750C-44C1-945B-961599088853}
		{8C720480-750C-44C1-945B-961599088853} = {0D7AEFA3-ABB0-4AF1-A4C1-F8E05C241753}
		{2093A913-AB5F-4597-839E-A472E25D37D8} = {0D7AEFA3-ABB0-4AF1-A4C1-F8E05C241753}
		{AD4DB805-D932-4C5F-9559-B4704340F8CA} = {2093A913-AB5F-4597-839E-A472E25D37D8}
		{EED241F9-4900-4FB0-91FD-432A5F40983D} = {2093A913-AB5F-4597-839E-A472E25D37D8}
		{D9FA3F92-D638-434D-9C0C-E74A6BCFDE7A} = {2093A913-AB5F-4597-839E-A472E25D37D8}
		{2031A605-DB91-4998-94DB-8012C590152B} = {2093A913-AB5F-4597-839E-A472E25D37D8}
	EndGlobalSection
	GlobalSection(ExtensibilityGlobals) = postSolution
		SolutionGuid = {DF807CB9-3F57-4CF4-B501-26F9D4BB417C}
	EndGlobalSection
EndGlobal
